sha: 8e6a8d48b98db05a10b7da67d26fac7ed54508c8
repo: jebel-quant/rhiza
host: github
ref: v1.1.3
include: []
exclude: []
templates:
- legal
files:
- .bandit
- .editorconfig
- .github/CONFIG.md
- .github/DISCUSSION_TEMPLATE/help-wanted.yml
- .github/DISCUSSION_TEMPLATE/ideas.yml
- .github/DISCUSSION_TEMPLATE/q-and-a.yml
- .github/ISSUE_TEMPLATE/bug_report.yml
- .github/ISSUE_TEMPLATE/feature_request.yml
- .github/dependabot.yml
- .github/pull_request_template.md
- .github/release.yml
- .github/rulesets/main-branch-protection.json
- .github/secret_scanning.yml
- .github/workflows/rhiza_benchmark.yml
- .github/workflows/rhiza_book.yml
- .github/workflows/rhiza_ci.yml
- .github/workflows/rhiza_codeql.yml
- .github/workflows/rhiza_fuzzing.yml
- .github/workflows/rhiza_marimo.yml
- .github/workflows/rhiza_mutation.yml
- .github/workflows/rhiza_release.yml
- .github/workflows/rhiza_scorecard.yml
- .github/workflows/rhiza_sync.yml
- .github/workflows/rhiza_weekly.yml
- .gitignore
- .pre-commit-config.yaml
- .python-version
- .rhiza/.cfg.toml
- .rhiza/.env
- .rhiza/.gitignore
- .rhiza/.rhiza-version
- .rhiza/CODE_OF_CONDUCT.md
- .rhiza/CONTRIBUTING.md
- .rhiza/assets/rhiza-logo.svg
- .rhiza/completions/README.md
- .rhiza/completions/rhiza-completion.bash
- .rhiza/completions/rhiza-completion.zsh
- .rhiza/make.d/book.mk
- .rhiza/make.d/bootstrap.mk
- .rhiza/make.d/completions.mk
- .rhiza/make.d/custom-env.mk
- .rhiza/make.d/custom-task.mk
- .rhiza/make.d/doctor.mk
- .rhiza/make.d/github.mk
- .rhiza/make.d/marimo.mk
- .rhiza/make.d/quality.mk
- .rhiza/make.d/releasing.mk
- .rhiza/make.d/test.mk
- .rhiza/rhiza.mk
- .rhiza/semgrep.yml
- .rhiza/tests/README.md
- .rhiza/tests/conftest.py
- .rhiza/tests/test_docstrings.py
- .rhiza/tests/test_pyproject.py
- .rhiza/tests/test_readme_validation.py
- LICENSE
- Makefile
- SECURITY.md
- cliff.toml
- docs/assets/rhiza-logo.svg
- docs/development/MARIMO.md
- docs/development/TESTS.md
- docs/index.md
- docs/mkdocs-base.yml
- pytest.ini
- ruff.toml
profiles:
- github-project
synced_at: '2026-07-11T08:24:05Z'
strategy: merge
