# This file is automatically @generated by Poetry and should not be changed by hand.

[[package]]
name = "attrs"
version = "23.1.0"
description = "Classes Without Boilerplate"
category = "dev"
optional = false
python-versions = ">=3.7"
files = [
    {file = "attrs-23.1.0-py3-none-any.whl", hash = "sha256:1f28b4522cdc2fb4256ac1a020c78acf9cba2c6b461ccd2c126f3aa8e8335d04"},
    {file = "attrs-23.1.0.tar.gz", hash = "sha256:6279836d581513a26f1bf235f9acd333bc9115683f14f7e8fae46c98fc50e015"},
]

[package.extras]
cov = ["attrs[tests]", "coverage[toml] (>=5.3)"]
dev = ["attrs[docs,tests]", "pre-commit"]
docs = ["furo", "myst-parser", "sphinx", "sphinx-notfound-page", "sphinxcontrib-towncrier", "towncrier", "zope-interface"]
tests = ["attrs[tests-no-zope]", "zope-interface"]
tests-no-zope = ["cloudpickle", "hypothesis", "mypy (>=1.1.1)", "pympler", "pytest (>=4.3.0)", "pytest-mypy-plugins", "pytest-xdist[psutil]"]

[[package]]
name = "colorama"
version = "0.4.6"
description = "Cross-platform colored terminal text."
category = "dev"
optional = false
python-versions = "!=3.0.*,!=3.1.*,!=3.2.*,!=3.3.*,!=3.4.*,!=3.5.*,!=3.6.*,>=2.7"
files = [
    {file = "colorama-0.4.6-py2.py3-none-any.whl", hash = "sha256:4f1d9991f5acc0ca119f9d443620b77f9d6b33703e51011c16baf57afb285fc6"},
    {file = "colorama-0.4.6.tar.gz", hash = "sha256:08695f5cb7ed6e0531a20572697297273c47b8cae5a63ffc6d6ed5c201be6e44"},
]

[[package]]
name = "coverage"
version = "7.2.3"
description = "Code coverage measurement for Python"
category = "dev"
optional = false
python-versions = ">=3.7"
files = [
    {file = "coverage-7.2.3-cp310-cp310-macosx_10_9_x86_64.whl", hash = "sha256:e58c0d41d336569d63d1b113bd573db8363bc4146f39444125b7f8060e4e04f5"},
    {file = "coverage-7.2.3-cp310-cp310-macosx_11_0_arm64.whl", hash = "sha256:344e714bd0fe921fc72d97404ebbdbf9127bac0ca1ff66d7b79efc143cf7c0c4"},
    {file = "coverage-7.2.3-cp310-cp310-manylinux_2_17_aarch64.manylinux2014_aarch64.whl", hash = "sha256:974bc90d6f6c1e59ceb1516ab00cf1cdfbb2e555795d49fa9571d611f449bcb2"},
    {file = "coverage-7.2.3-cp310-cp310-manylinux_2_5_i686.manylinux1_i686.manylinux_2_17_i686.manylinux2014_i686.whl", hash = "sha256:0743b0035d4b0e32bc1df5de70fba3059662ace5b9a2a86a9f894cfe66569013"},
    {file = "coverage-7.2.3-cp310-cp310-manylinux_2_5_x86_64.manylinux1_x86_64.manylinux_2_17_x86_64.manylinux2014_x86_64.whl", hash = "sha256:5d0391fb4cfc171ce40437f67eb050a340fdbd0f9f49d6353a387f1b7f9dd4fa"},
    {file = "coverage-7.2.3-cp310-cp310-musllinux_1_1_aarch64.whl", hash = "sha256:4a42e1eff0ca9a7cb7dc9ecda41dfc7cbc17cb1d02117214be0561bd1134772b"},
    {file = "coverage-7.2.3-cp310-cp310-musllinux_1_1_i686.whl", hash = "sha256:be19931a8dcbe6ab464f3339966856996b12a00f9fe53f346ab3be872d03e257"},
    {file = "coverage-7.2.3-cp310-cp310-musllinux_1_1_x86_64.whl", hash = "sha256:72fcae5bcac3333a4cf3b8f34eec99cea1187acd55af723bcbd559adfdcb5535"},
    {file = "coverage-7.2.3-cp310-cp310-win32.whl", hash = "sha256:aeae2aa38395b18106e552833f2a50c27ea0000122bde421c31d11ed7e6f9c91"},
    {file = "coverage-7.2.3-cp310-cp310-win_amd64.whl", hash = "sha256:83957d349838a636e768251c7e9979e899a569794b44c3728eaebd11d848e58e"},
    {file = "coverage-7.2.3-cp311-cp311-macosx_10_9_x86_64.whl", hash = "sha256:dfd393094cd82ceb9b40df4c77976015a314b267d498268a076e940fe7be6b79"},
    {file = "coverage-7.2.3-cp311-cp311-macosx_11_0_arm64.whl", hash = "sha256:182eb9ac3f2b4874a1f41b78b87db20b66da6b9cdc32737fbbf4fea0c35b23fc"},
    {file = "coverage-7.2.3-cp311-cp311-manylinux_2_17_aarch64.manylinux2014_aarch64.whl", hash = "sha256:1bb1e77a9a311346294621be905ea8a2c30d3ad371fc15bb72e98bfcfae532df"},
    {file = "coverage-7.2.3-cp311-cp311-manylinux_2_5_i686.manylinux1_i686.manylinux_2_17_i686.manylinux2014_i686.whl", hash = "sha256:ca0f34363e2634deffd390a0fef1aa99168ae9ed2af01af4a1f5865e362f8623"},
    {file = "coverage-7.2.3-cp311-cp311-manylinux_2_5_x86_64.manylinux1_x86_64.manylinux_2_17_x86_64.manylinux2014_x86_64.whl", hash = "sha256:55416d7385774285b6e2a5feca0af9652f7f444a4fa3d29d8ab052fafef9d00d"},
    {file = "coverage-7.2.3-cp311-cp311-musllinux_1_1_aarch64.whl", hash = "sha256:06ddd9c0249a0546997fdda5a30fbcb40f23926df0a874a60a8a185bc3a87d93"},
    {file = "coverage-7.2.3-cp311-cp311-musllinux_1_1_i686.whl", hash = "sha256:fff5aaa6becf2c6a1699ae6a39e2e6fb0672c2d42eca8eb0cafa91cf2e9bd312"},
    {file = "coverage-7.2.3-cp311-cp311-musllinux_1_1_x86_64.whl", hash = "sha256:ea53151d87c52e98133eb8ac78f1206498c015849662ca8dc246255265d9c3c4"},
    {file = "coverage-7.2.3-cp311-cp311-win32.whl", hash = "sha256:8f6c930fd70d91ddee53194e93029e3ef2aabe26725aa3c2753df057e296b925"},
    {file = "coverage-7.2.3-cp311-cp311-win_amd64.whl", hash = "sha256:fa546d66639d69aa967bf08156eb8c9d0cd6f6de84be9e8c9819f52ad499c910"},
    {file = "coverage-7.2.3-cp37-cp37m-macosx_10_9_x86_64.whl", hash = "sha256:b2317d5ed777bf5a033e83d4f1389fd4ef045763141d8f10eb09a7035cee774c"},
    {file = "coverage-7.2.3-cp37-cp37m-manylinux_2_17_aarch64.manylinux2014_aarch64.whl", hash = "sha256:be9824c1c874b73b96288c6d3de793bf7f3a597770205068c6163ea1f326e8b9"},
    {file = "coverage-7.2.3-cp37-cp37m-manylinux_2_5_i686.manylinux1_i686.manylinux_2_17_i686.manylinux2014_i686.whl", hash = "sha256:2c3b2803e730dc2797a017335827e9da6da0e84c745ce0f552e66400abdfb9a1"},
    {file = "coverage-7.2.3-cp37-cp37m-manylinux_2_5_x86_64.manylinux1_x86_64.manylinux_2_17_x86_64.manylinux2014_x86_64.whl", hash = "sha256:8f69770f5ca1994cb32c38965e95f57504d3aea96b6c024624fdd5bb1aa494a1"},
    {file = "coverage-7.2.3-cp37-cp37m-musllinux_1_1_aarch64.whl", hash = "sha256:1127b16220f7bfb3f1049ed4a62d26d81970a723544e8252db0efde853268e21"},
    {file = "coverage-7.2.3-cp37-cp37m-musllinux_1_1_i686.whl", hash = "sha256:aa784405f0c640940595fa0f14064d8e84aff0b0f762fa18393e2760a2cf5841"},
    {file = "coverage-7.2.3-cp37-cp37m-musllinux_1_1_x86_64.whl", hash = "sha256:3146b8e16fa60427e03884301bf8209221f5761ac754ee6b267642a2fd354c48"},
    {file = "coverage-7.2.3-cp37-cp37m-win32.whl", hash = "sha256:1fd78b911aea9cec3b7e1e2622c8018d51c0d2bbcf8faaf53c2497eb114911c1"},
    {file = "coverage-7.2.3-cp37-cp37m-win_amd64.whl", hash = "sha256:0f3736a5d34e091b0a611964c6262fd68ca4363df56185902528f0b75dbb9c1f"},
    {file = "coverage-7.2.3-cp38-cp38-macosx_10_9_x86_64.whl", hash = "sha256:981b4df72c93e3bc04478153df516d385317628bd9c10be699c93c26ddcca8ab"},
    {file = "coverage-7.2.3-cp38-cp38-macosx_11_0_arm64.whl", hash = "sha256:c0045f8f23a5fb30b2eb3b8a83664d8dc4fb58faddf8155d7109166adb9f2040"},
    {file = "coverage-7.2.3-cp38-cp38-manylinux_2_17_aarch64.manylinux2014_aarch64.whl", hash = "sha256:f760073fcf8f3d6933178d67754f4f2d4e924e321f4bb0dcef0424ca0215eba1"},
    {file = "coverage-7.2.3-cp38-cp38-manylinux_2_5_i686.manylinux1_i686.manylinux_2_17_i686.manylinux2014_i686.whl", hash = "sha256:c86bd45d1659b1ae3d0ba1909326b03598affbc9ed71520e0ff8c31a993ad911"},
    {file = "coverage-7.2.3-cp38-cp38-manylinux_2_5_x86_64.manylinux1_x86_64.manylinux_2_17_x86_64.manylinux2014_x86_64.whl", hash = "sha256:172db976ae6327ed4728e2507daf8a4de73c7cc89796483e0a9198fd2e47b462"},
    {file = "coverage-7.2.3-cp38-cp38-musllinux_1_1_aarch64.whl", hash = "sha256:d2a3a6146fe9319926e1d477842ca2a63fe99af5ae690b1f5c11e6af074a6b5c"},
    {file = "coverage-7.2.3-cp38-cp38-musllinux_1_1_i686.whl", hash = "sha256:f649dd53833b495c3ebd04d6eec58479454a1784987af8afb77540d6c1767abd"},
    {file = "coverage-7.2.3-cp38-cp38-musllinux_1_1_x86_64.whl", hash = "sha256:7c4ed4e9f3b123aa403ab424430b426a1992e6f4c8fd3cb56ea520446e04d152"},
    {file = "coverage-7.2.3-cp38-cp38-win32.whl", hash = "sha256:eb0edc3ce9760d2f21637766c3aa04822030e7451981ce569a1b3456b7053f22"},
    {file = "coverage-7.2.3-cp38-cp38-win_amd64.whl", hash = "sha256:63cdeaac4ae85a179a8d6bc09b77b564c096250d759eed343a89d91bce8b6367"},
    {file = "coverage-7.2.3-cp39-cp39-macosx_10_9_x86_64.whl", hash = "sha256:20d1a2a76bb4eb00e4d36b9699f9b7aba93271c9c29220ad4c6a9581a0320235"},
    {file = "coverage-7.2.3-cp39-cp39-macosx_11_0_arm64.whl", hash = "sha256:4ea748802cc0de4de92ef8244dd84ffd793bd2e7be784cd8394d557a3c751e21"},
    {file = "coverage-7.2.3-cp39-cp39-manylinux_2_17_aarch64.manylinux2014_aarch64.whl", hash = "sha256:21b154aba06df42e4b96fc915512ab39595105f6c483991287021ed95776d934"},
    {file = "coverage-7.2.3-cp39-cp39-manylinux_2_5_i686.manylinux1_i686.manylinux_2_17_i686.manylinux2014_i686.whl", hash = "sha256:fd214917cabdd6f673a29d708574e9fbdb892cb77eb426d0eae3490d95ca7859"},
    {file = "coverage-7.2.3-cp39-cp39-manylinux_2_5_x86_64.manylinux1_x86_64.manylinux_2_17_x86_64.manylinux2014_x86_64.whl", hash = "sha256:2c2e58e45fe53fab81f85474e5d4d226eeab0f27b45aa062856c89389da2f0d9"},
    {file = "coverage-7.2.3-cp39-cp39-musllinux_1_1_aarch64.whl", hash = "sha256:87ecc7c9a1a9f912e306997ffee020297ccb5ea388421fe62a2a02747e4d5539"},
    {file = "coverage-7.2.3-cp39-cp39-musllinux_1_1_i686.whl", hash = "sha256:387065e420aed3c71b61af7e82c7b6bc1c592f7e3c7a66e9f78dd178699da4fe"},
    {file = "coverage-7.2.3-cp39-cp39-musllinux_1_1_x86_64.whl", hash = "sha256:ea3f5bc91d7d457da7d48c7a732beaf79d0c8131df3ab278e6bba6297e23c6c4"},
    {file = "coverage-7.2.3-cp39-cp39-win32.whl", hash = "sha256:ae7863a1d8db6a014b6f2ff9c1582ab1aad55a6d25bac19710a8df68921b6e30"},
    {file = "coverage-7.2.3-cp39-cp39-win_amd64.whl", hash = "sha256:3f04becd4fcda03c0160d0da9c8f0c246bc78f2f7af0feea1ec0930e7c93fa4a"},
    {file = "coverage-7.2.3-pp37.pp38.pp39-none-any.whl", hash = "sha256:965ee3e782c7892befc25575fa171b521d33798132692df428a09efacaffe8d0"},
    {file = "coverage-7.2.3.tar.gz", hash = "sha256:d298c2815fa4891edd9abe5ad6e6cb4207104c7dd9fd13aea3fdebf6f9b91259"},
]

[package.dependencies]
tomli = {version = "*", optional = true, markers = "python_full_version <= \"3.11.0a6\" and extra == \"toml\""}

[package.extras]
toml = ["tomli"]

[[package]]
name = "iniconfig"
version = "2.0.0"
description = "brain-dead simple config-ini parsing"
category = "dev"
optional = false
python-versions = ">=3.7"
files = [
    {file = "iniconfig-2.0.0-py3-none-any.whl", hash = "sha256:b6a85871a79d2e3b22d2d1b94ac2824226a63c6b741c88f7ae975f18b6778374"},
    {file = "iniconfig-2.0.0.tar.gz", hash = "sha256:2d91e135bf72d31a410b17c16da610a82cb55f6b0477d1a902134b24a455b8b3"},
]

[[package]]
name = "numpy"
version = "1.24.2"
description = "Fundamental package for array computing in Python"
category = "main"
optional = false
python-versions = ">=3.8"
files = [
    {file = "numpy-1.24.2-cp310-cp310-macosx_10_9_x86_64.whl", hash = "sha256:eef70b4fc1e872ebddc38cddacc87c19a3709c0e3e5d20bf3954c147b1dd941d"},
    {file = "numpy-1.24.2-cp310-cp310-macosx_11_0_arm64.whl", hash = "sha256:e8d2859428712785e8a8b7d2b3ef0a1d1565892367b32f915c4a4df44d0e64f5"},
    {file = "numpy-1.24.2-cp310-cp310-manylinux_2_17_aarch64.manylinux2014_aarch64.whl", hash = "sha256:6524630f71631be2dabe0c541e7675db82651eb998496bbe16bc4f77f0772253"},
    {file = "numpy-1.24.2-cp310-cp310-manylinux_2_17_x86_64.manylinux2014_x86_64.whl", hash = "sha256:a51725a815a6188c662fb66fb32077709a9ca38053f0274640293a14fdd22978"},
    {file = "numpy-1.24.2-cp310-cp310-win32.whl", hash = "sha256:2620e8592136e073bd12ee4536149380695fbe9ebeae845b81237f986479ffc9"},
    {file = "numpy-1.24.2-cp310-cp310-win_amd64.whl", hash = "sha256:97cf27e51fa078078c649a51d7ade3c92d9e709ba2bfb97493007103c741f1d0"},
    {file = "numpy-1.24.2-cp311-cp311-macosx_10_9_x86_64.whl", hash = "sha256:7de8fdde0003f4294655aa5d5f0a89c26b9f22c0a58790c38fae1ed392d44a5a"},
    {file = "numpy-1.24.2-cp311-cp311-macosx_11_0_arm64.whl", hash = "sha256:4173bde9fa2a005c2c6e2ea8ac1618e2ed2c1c6ec8a7657237854d42094123a0"},
    {file = "numpy-1.24.2-cp311-cp311-manylinux_2_17_aarch64.manylinux2014_aarch64.whl", hash = "sha256:4cecaed30dc14123020f77b03601559fff3e6cd0c048f8b5289f4eeabb0eb281"},
    {file = "numpy-1.24.2-cp311-cp311-manylinux_2_17_x86_64.manylinux2014_x86_64.whl", hash = "sha256:9a23f8440561a633204a67fb44617ce2a299beecf3295f0d13c495518908e910"},
    {file = "numpy-1.24.2-cp311-cp311-win32.whl", hash = "sha256:e428c4fbfa085f947b536706a2fc349245d7baa8334f0c5723c56a10595f9b95"},
    {file = "numpy-1.24.2-cp311-cp311-win_amd64.whl", hash = "sha256:557d42778a6869c2162deb40ad82612645e21d79e11c1dc62c6e82a2220ffb04"},
    {file = "numpy-1.24.2-cp38-cp38-macosx_10_9_x86_64.whl", hash = "sha256:d0a2db9d20117bf523dde15858398e7c0858aadca7c0f088ac0d6edd360e9ad2"},
    {file = "numpy-1.24.2-cp38-cp38-macosx_11_0_arm64.whl", hash = "sha256:c72a6b2f4af1adfe193f7beb91ddf708ff867a3f977ef2ec53c0ffb8283ab9f5"},
    {file = "numpy-1.24.2-cp38-cp38-manylinux_2_17_aarch64.manylinux2014_aarch64.whl", hash = "sha256:c29e6bd0ec49a44d7690ecb623a8eac5ab8a923bce0bea6293953992edf3a76a"},
    {file = "numpy-1.24.2-cp38-cp38-manylinux_2_17_x86_64.manylinux2014_x86_64.whl", hash = "sha256:2eabd64ddb96a1239791da78fa5f4e1693ae2dadc82a76bc76a14cbb2b966e96"},
    {file = "numpy-1.24.2-cp38-cp38-win32.whl", hash = "sha256:e3ab5d32784e843fc0dd3ab6dcafc67ef806e6b6828dc6af2f689be0eb4d781d"},
    {file = "numpy-1.24.2-cp38-cp38-win_amd64.whl", hash = "sha256:76807b4063f0002c8532cfeac47a3068a69561e9c8715efdad3c642eb27c0756"},
    {file = "numpy-1.24.2-cp39-cp39-macosx_10_9_x86_64.whl", hash = "sha256:4199e7cfc307a778f72d293372736223e39ec9ac096ff0a2e64853b866a8e18a"},
    {file = "numpy-1.24.2-cp39-cp39-macosx_11_0_arm64.whl", hash = "sha256:adbdce121896fd3a17a77ab0b0b5eedf05a9834a18699db6829a64e1dfccca7f"},
    {file = "numpy-1.24.2-cp39-cp39-manylinux_2_17_aarch64.manylinux2014_aarch64.whl", hash = "sha256:889b2cc88b837d86eda1b17008ebeb679d82875022200c6e8e4ce6cf549b7acb"},
    {file = "numpy-1.24.2-cp39-cp39-manylinux_2_17_x86_64.manylinux2014_x86_64.whl", hash = "sha256:f64bb98ac59b3ea3bf74b02f13836eb2e24e48e0ab0145bbda646295769bd780"},
    {file = "numpy-1.24.2-cp39-cp39-win32.whl", hash = "sha256:63e45511ee4d9d976637d11e6c9864eae50e12dc9598f531c035265991910468"},
    {file = "numpy-1.24.2-cp39-cp39-win_amd64.whl", hash = "sha256:a77d3e1163a7770164404607b7ba3967fb49b24782a6ef85d9b5f54126cc39e5"},
    {file = "numpy-1.24.2-pp38-pypy38_pp73-macosx_10_9_x86_64.whl", hash = "sha256:92011118955724465fb6853def593cf397b4a1367495e0b59a7e69d40c4eb71d"},
    {file = "numpy-1.24.2-pp38-pypy38_pp73-manylinux_2_17_x86_64.manylinux2014_x86_64.whl", hash = "sha256:f9006288bcf4895917d02583cf3411f98631275bc67cce355a7f39f8c14338fa"},
    {file = "numpy-1.24.2-pp38-pypy38_pp73-win_amd64.whl", hash = "sha256:150947adbdfeceec4e5926d956a06865c1c690f2fd902efede4ca6fe2e657c3f"},
    {file = "numpy-1.24.2.tar.gz", hash = "sha256:003a9f530e880cb2cd177cba1af7220b9aa42def9c4afc2a2fc3ee6be7eb2b22"},
]

[[package]]
name = "packaging"
version = "23.1"
description = "Core utilities for Python packages"
category = "dev"
optional = false
python-versions = ">=3.7"
files = [
    {file = "packaging-23.1-py3-none-any.whl", hash = "sha256:994793af429502c4ea2ebf6bf664629d07c1a9fe974af92966e4b8d2df7edc61"},
    {file = "packaging-23.1.tar.gz", hash = "sha256:a392980d2b6cffa644431898be54b0045151319d1e7ec34f0cfed48767dd334f"},
]

[[package]]
name = "pandas"
version = "2.0.0"
description = "Powerful data structures for data analysis, time series, and statistics"
category = "main"
optional = false
python-versions = ">=3.8"
files = [
    {file = "pandas-2.0.0-cp310-cp310-macosx_10_9_x86_64.whl", hash = "sha256:bbb2c5e94d6aa4e632646a3bacd05c2a871c3aa3e85c9bec9be99cb1267279f2"},
    {file = "pandas-2.0.0-cp310-cp310-macosx_11_0_arm64.whl", hash = "sha256:b5337c87c4e963f97becb1217965b6b75c6fe5f54c4cf09b9a5ac52fc0bd03d3"},
    {file = "pandas-2.0.0-cp310-cp310-manylinux_2_17_aarch64.manylinux2014_aarch64.whl", hash = "sha256:6ded51f7e3dd9b4f8b87f2ceb7bd1a8df2491f7ee72f7074c6927a512607199e"},
    {file = "pandas-2.0.0-cp310-cp310-manylinux_2_17_x86_64.manylinux2014_x86_64.whl", hash = "sha256:52c858de9e9fc422d25e67e1592a6e6135d7bcf9a19fcaf4d0831a0be496bf21"},
    {file = "pandas-2.0.0-cp310-cp310-win32.whl", hash = "sha256:2d1d138848dd71b37e3cbe7cd952ff84e2ab04d8988972166e18567dcc811245"},
    {file = "pandas-2.0.0-cp310-cp310-win_amd64.whl", hash = "sha256:d08e41d96bc4de6f500afe80936c68fce6099d5a434e2af7c7fd8e7c72a3265d"},
    {file = "pandas-2.0.0-cp311-cp311-macosx_10_9_x86_64.whl", hash = "sha256:24472cfc7ced511ac90608728b88312be56edc8f19b9ed885a7d2e47ffaf69c0"},
    {file = "pandas-2.0.0-cp311-cp311-macosx_11_0_arm64.whl", hash = "sha256:4ffb14f50c74ee541610668137830bb93e9dfa319b1bef2cedf2814cd5ac9c70"},
    {file = "pandas-2.0.0-cp311-cp311-manylinux_2_17_aarch64.manylinux2014_aarch64.whl", hash = "sha256:c24c7d12d033a372a9daf9ff2c80f8b0af6f98d14664dbb0a4f6a029094928a7"},
    {file = "pandas-2.0.0-cp311-cp311-manylinux_2_17_x86_64.manylinux2014_x86_64.whl", hash = "sha256:8318de0f886e4dcb8f9f36e45a3d6a6c3d1cfdc508354da85e739090f0222991"},
    {file = "pandas-2.0.0-cp311-cp311-win32.whl", hash = "sha256:57c34b79c13249505e850d0377b722961b99140f81dafbe6f19ef10239f6284a"},
    {file = "pandas-2.0.0-cp311-cp311-win_amd64.whl", hash = "sha256:8f987ec26e96a8490909bc5d98c514147236e49830cba7df8690f6087c12bbae"},
    {file = "pandas-2.0.0-cp38-cp38-macosx_10_9_x86_64.whl", hash = "sha256:b3ba8f5dd470d8bfbc4259829589f4a32881151c49e36384d9eb982b35a12020"},
    {file = "pandas-2.0.0-cp38-cp38-macosx_11_0_arm64.whl", hash = "sha256:fcd471c9d9f60926ab2f15c6c29164112f458acb42280365fbefa542d0c2fc74"},
    {file = "pandas-2.0.0-cp38-cp38-manylinux_2_17_aarch64.manylinux2014_aarch64.whl", hash = "sha256:9253edfd015520ce77a9343eb7097429479c039cd3ebe81d7810ea11b4b24695"},
    {file = "pandas-2.0.0-cp38-cp38-manylinux_2_17_x86_64.manylinux2014_x86_64.whl", hash = "sha256:977326039bd1ded620001a1889e2ed4798460a6bc5a24fbaebb5f07a41c32a55"},
    {file = "pandas-2.0.0-cp38-cp38-win32.whl", hash = "sha256:78425ca12314b23356c28b16765639db10ebb7d8983f705d6759ff7fe41357fa"},
    {file = "pandas-2.0.0-cp38-cp38-win_amd64.whl", hash = "sha256:d93b7fcfd9f3328072b250d6d001dcfeec5d3bb66c1b9c8941e109a46c0c01a8"},
    {file = "pandas-2.0.0-cp39-cp39-macosx_10_9_x86_64.whl", hash = "sha256:425705cee8be54db2504e8dd2a730684790b15e5904b750c367611ede49098ab"},
    {file = "pandas-2.0.0-cp39-cp39-macosx_11_0_arm64.whl", hash = "sha256:a4f789b7c012a608c08cda4ff0872fd979cb18907a37982abe884e6f529b8793"},
    {file = "pandas-2.0.0-cp39-cp39-manylinux_2_17_aarch64.manylinux2014_aarch64.whl", hash = "sha256:3bb9d840bf15656805f6a3d87eea9dcb7efdf1314a82adcf7f00b820427c5570"},
    {file = "pandas-2.0.0-cp39-cp39-manylinux_2_17_x86_64.manylinux2014_x86_64.whl", hash = "sha256:0778ab54c8f399d83d98ffb674d11ec716449956bc6f6821891ab835848687f2"},
    {file = "pandas-2.0.0-cp39-cp39-win32.whl", hash = "sha256:70db5c278bbec0306d32bf78751ff56b9594c05a5098386f6c8a563659124f91"},
    {file = "pandas-2.0.0-cp39-cp39-win_amd64.whl", hash = "sha256:4f3320bb55f34af4193020158ef8118ee0fb9aec7cc47d2084dbfdd868a0a24f"},
    {file = "pandas-2.0.0.tar.gz", hash = "sha256:cda9789e61b44463c1c4fe17ef755de77bcd13b09ba31c940d20f193d63a5dc8"},
]

[package.dependencies]
numpy = [
    {version = ">=1.20.3", markers = "python_version < \"3.10\""},
    {version = ">=1.21.0", markers = "python_version >= \"3.10\""},
    {version = ">=1.23.2", markers = "python_version >= \"3.11\""},
]
python-dateutil = ">=2.8.2"
pytz = ">=2020.1"
tzdata = ">=2022.1"

[package.extras]
all = ["PyQt5 (>=5.15.1)", "SQLAlchemy (>=1.4.16)", "beautifulsoup4 (>=4.9.3)", "bottleneck (>=1.3.2)", "brotlipy (>=0.7.0)", "fastparquet (>=0.6.3)", "fsspec (>=2021.07.0)", "gcsfs (>=2021.07.0)", "html5lib (>=1.1)", "hypothesis (>=6.34.2)", "jinja2 (>=3.0.0)", "lxml (>=4.6.3)", "matplotlib (>=3.6.1)", "numba (>=0.53.1)", "numexpr (>=2.7.3)", "odfpy (>=1.4.1)", "openpyxl (>=3.0.7)", "pandas-gbq (>=0.15.0)", "psycopg2 (>=2.8.6)", "pyarrow (>=7.0.0)", "pymysql (>=1.0.2)", "pyreadstat (>=1.1.2)", "pytest (>=7.0.0)", "pytest-asyncio (>=0.17.0)", "pytest-xdist (>=2.2.0)", "python-snappy (>=0.6.0)", "pyxlsb (>=1.0.8)", "qtpy (>=2.2.0)", "s3fs (>=2021.08.0)", "scipy (>=1.7.1)", "tables (>=3.6.1)", "tabulate (>=0.8.9)", "xarray (>=0.21.0)", "xlrd (>=2.0.1)", "xlsxwriter (>=1.4.3)", "zstandard (>=0.15.2)"]
aws = ["s3fs (>=2021.08.0)"]
clipboard = ["PyQt5 (>=5.15.1)", "qtpy (>=2.2.0)"]
compression = ["brotlipy (>=0.7.0)", "python-snappy (>=0.6.0)", "zstandard (>=0.15.2)"]
computation = ["scipy (>=1.7.1)", "xarray (>=0.21.0)"]
excel = ["odfpy (>=1.4.1)", "openpyxl (>=3.0.7)", "pyxlsb (>=1.0.8)", "xlrd (>=2.0.1)", "xlsxwriter (>=1.4.3)"]
feather = ["pyarrow (>=7.0.0)"]
fss = ["fsspec (>=2021.07.0)"]
gcp = ["gcsfs (>=2021.07.0)", "pandas-gbq (>=0.15.0)"]
hdf5 = ["tables (>=3.6.1)"]
html = ["beautifulsoup4 (>=4.9.3)", "html5lib (>=1.1)", "lxml (>=4.6.3)"]
mysql = ["SQLAlchemy (>=1.4.16)", "pymysql (>=1.0.2)"]
output-formatting = ["jinja2 (>=3.0.0)", "tabulate (>=0.8.9)"]
parquet = ["pyarrow (>=7.0.0)"]
performance = ["bottleneck (>=1.3.2)", "numba (>=0.53.1)", "numexpr (>=2.7.1)"]
plot = ["matplotlib (>=3.6.1)"]
postgresql = ["SQLAlchemy (>=1.4.16)", "psycopg2 (>=2.8.6)"]
spss = ["pyreadstat (>=1.1.2)"]
sql-other = ["SQLAlchemy (>=1.4.16)"]
test = ["hypothesis (>=6.34.2)", "pytest (>=7.0.0)", "pytest-asyncio (>=0.17.0)", "pytest-xdist (>=2.2.0)"]
xml = ["lxml (>=4.6.3)"]

[[package]]
name = "pluggy"
version = "1.0.0"
description = "plugin and hook calling mechanisms for python"
category = "dev"
optional = false
python-versions = ">=3.6"
files = [
    {file = "pluggy-1.0.0-py2.py3-none-any.whl", hash = "sha256:74134bbf457f031a36d68416e1509f34bd5ccc019f0bcc952c7b909d06b37bd3"},
    {file = "pluggy-1.0.0.tar.gz", hash = "sha256:4224373bacce55f955a878bf9cfa763c1e360858e330072059e10bad68531159"},
]

[package.extras]
dev = ["pre-commit", "tox"]
testing = ["pytest", "pytest-benchmark"]

[[package]]
name = "py"
version = "1.11.0"
description = "library with cross-python path, ini-parsing, io, code, log facilities"
category = "dev"
optional = false
python-versions = ">=2.7, !=3.0.*, !=3.1.*, !=3.2.*, !=3.3.*, !=3.4.*"
files = [
    {file = "py-1.11.0-py2.py3-none-any.whl", hash = "sha256:607c53218732647dff4acdfcd50cb62615cedf612e72d1724fb1a0cc6405b378"},
    {file = "py-1.11.0.tar.gz", hash = "sha256:51c75c4126074b472f746a24399ad32f6053d1b34b68d2fa41e558e6f4a98719"},
]

[[package]]
name = "pytest"
version = "7.1.3"
description = "pytest: simple powerful testing with Python"
category = "dev"
optional = false
python-versions = ">=3.7"
files = [
    {file = "pytest-7.1.3-py3-none-any.whl", hash = "sha256:1377bda3466d70b55e3f5cecfa55bb7cfcf219c7964629b967c37cf0bda818b7"},
    {file = "pytest-7.1.3.tar.gz", hash = "sha256:4f365fec2dff9c1162f834d9f18af1ba13062db0c708bf7b946f8a5c76180c39"},
]

[package.dependencies]
attrs = ">=19.2.0"
colorama = {version = "*", markers = "sys_platform == \"win32\""}
iniconfig = "*"
packaging = "*"
pluggy = ">=0.12,<2.0"
py = ">=1.8.2"
tomli = ">=1.0.0"

[package.extras]
testing = ["argcomplete", "hypothesis (>=3.56)", "mock", "nose", "pygments (>=2.7.2)", "requests", "xmlschema"]

[[package]]
name = "pytest-cov"
version = "4.0.0"
description = "Pytest plugin for measuring coverage."
category = "dev"
optional = false
python-versions = ">=3.6"
files = [
    {file = "pytest-cov-4.0.0.tar.gz", hash = "sha256:996b79efde6433cdbd0088872dbc5fb3ed7fe1578b68cdbba634f14bb8dd0470"},
    {file = "pytest_cov-4.0.0-py3-none-any.whl", hash = "sha256:2feb1b751d66a8bd934e5edfa2e961d11309dc37b73b0eabe73b5945fee20f6b"},
]

[package.dependencies]
coverage = {version = ">=5.2.1", extras = ["toml"]}
pytest = ">=4.6"

[package.extras]
testing = ["fields", "hunter", "process-tests", "pytest-xdist", "six", "virtualenv"]

[[package]]
name = "python-dateutil"
version = "2.8.2"
description = "Extensions to the standard Python datetime module"
category = "main"
optional = false
python-versions = "!=3.0.*,!=3.1.*,!=3.2.*,>=2.7"
files = [
    {file = "python-dateutil-2.8.2.tar.gz", hash = "sha256:0123cacc1627ae19ddf3c27a5de5bd67ee4586fbdd6440d9748f8abb483d3e86"},
    {file = "python_dateutil-2.8.2-py2.py3-none-any.whl", hash = "sha256:961d03dc3453ebbc59dbdea9e4e11c5651520a876d0f4db161e8674aae935da9"},
]

[package.dependencies]
six = ">=1.5"

[[package]]
name = "pytz"
version = "2023.3"
description = "World timezone definitions, modern and historical"
category = "main"
optional = false
python-versions = "*"
files = [
    {file = "pytz-2023.3-py2.py3-none-any.whl", hash = "sha256:a151b3abb88eda1d4e34a9814df37de2a80e301e68ba0fd856fb9b46bfbbbffb"},
    {file = "pytz-2023.3.tar.gz", hash = "sha256:1d8ce29db189191fb55338ee6d0387d82ab59f3d00eac103412d64e0ebd0c588"},
]

[[package]]
name = "six"
version = "1.16.0"
description = "Python 2 and 3 compatibility utilities"
category = "main"
optional = false
python-versions = ">=2.7, !=3.0.*, !=3.1.*, !=3.2.*"
files = [
    {file = "six-1.16.0-py2.py3-none-any.whl", hash = "sha256:8abb2f1d86890a2dfb989f9a77cfcfd3e47c2a354b01111771326f8aa26e0254"},
    {file = "six-1.16.0.tar.gz", hash = "sha256:1e61c37477a1626458e36f7b1d82aa5c9b094fa4802892072e49de9c60c4c926"},
]

[[package]]
name = "tomli"
version = "2.0.1"
description = "A lil' TOML parser"
category = "dev"
optional = false
python-versions = ">=3.7"
files = [
    {file = "tomli-2.0.1-py3-none-any.whl", hash = "sha256:939de3e7a6161af0c887ef91b7d41a53e7c5a1ca976325f429cb46ea9bc30ecc"},
    {file = "tomli-2.0.1.tar.gz", hash = "sha256:de526c12914f0c550d15924c62d72abc48d6fe7364aa87328337a31007fe8a4f"},
]

[[package]]
name = "tzdata"
version = "2023.3"
description = "Provider of IANA time zone data"
category = "main"
optional = false
python-versions = ">=2"
files = [
    {file = "tzdata-2023.3-py2.py3-none-any.whl", hash = "sha256:7e65763eef3120314099b6939b5546db7adce1e7d6f2e179e3df563c70511eda"},
    {file = "tzdata-2023.3.tar.gz", hash = "sha256:11ef1e08e54acb0d4f95bdb1be05da659673de4acbd21bf9c69e94cc5e907a3a"},
]

[metadata]
lock-version = "2.0"
python-versions = "^3.9"
content-hash = "300eca8731322efc32f00f1bf1f5e4b56c0c26718e07af090c32eb11682d71e6"
